// !$*UTF8*$!
{
	archiveVersion = 1;
	classes = {
	};
	objectVersion = 46;
	objects = {

/* Begin PBXBuildFile section */
		DB163A231D3D31D30019A316 /* AppDelegate.swift in Sources */ = {isa = PBXBuildFile; fileRef = DB163A221D3D31D30019A316 /* AppDelegate.swift */; };
		DB163A251D3D31D30019A316 /* ViewController.swift in Sources */ = {isa = PBXBuildFile; fileRef = DB163A241D3D31D30019A316 /* ViewController.swift */; };
		DB163A281D3D31D30019A316 /* Main.storyboard in Resources */ = {isa = PBXBuildFile; fileRef = DB163A261D3D31D30019A316 /* Main.storyboard */; };
		DB163A2A1D3D31D30019A316 /* Assets.xcassets in Resources */ = {isa = PBXBuildFile; fileRef = DB163A291D3D31D30019A316 /* Assets.xcassets */; };
		DB163A2D1D3D31D30019A316 /* LaunchScreen.storyboard in Resources */ = {isa = PBXBuildFile; fileRef = DB163A2B1D3D31D30019A316 /* LaunchScreen.storyboard */; };
		DB163A381D3D31D30019A316 /* OnTheMapTests.swift in Sources */ = {isa = PBXBuildFile; fileRef = DB163A371D3D31D30019A316 /* OnTheMapTests.swift */; };
		DB163A431D3D31D30019A316 /* OnTheMapUITests.swift in Sources */ = {isa = PBXBuildFile; fileRef = DB163A421D3D31D30019A316 /* OnTheMapUITests.swift */; };
/* End PBXBuildFile section */

/* Begin PBXContainerItemProxy section */
		DB163A341D3D31D30019A316 /* PBXContainerItemProxy */ = {
			isa = PBXContainerItemProxy;
			containerPortal = DB163A171D3D31D20019A316 /* Project object */;
			proxyType = 1;
			remoteGlobalIDString = DB163A1E1D3D31D20019A316;
			remoteInfo = OnTheMap;
		};
		DB163A3F1D3D31D30019A316 /* PBXContainerItemProxy */ = {
			isa = PBXContainerItemProxy;
			containerPortal = DB163A171D3D31D20019A316 /* Project object */;
			proxyType = 1;
			remoteGlobalIDString = DB163A1E1D3D31D20019A316;
			remoteInfo = OnTheMap;
		};
/* End PBXContainerItemProxy section */

/* Begin PBXFileReference section */
		DB163A1F1D3D31D20019A316 /* OnTheMap.app */ = {isa = PBXFileReference; explicitFileType = wrapper.application; includeInIndex = 0; path = OnTheMap.app; sourceTree = BUILT_PRODUCTS_DIR; };
		DB163A221D3D31D30019A316 /* AppDelegate.swift */ = {isa = PBXFileReference; lastKnownFileType = sourcecode.swift; path = AppDelegate.swift; sourceTree = "<group>"; };
		DB163A241D3D31D30019A316 /* ViewController.swift */ = {isa = PBXFileReference; lastKnownFileType = sourcecode.swift; path = ViewController.swift; sourceTree = "<group>"; };
		DB163A271D3D31D30019A316 /* Base */ = {isa = PBXFileReference; lastKnownFileType = file.storyboard; name = Base; path = Base.lproj/Main.storyboard; sourceTree = "<group>"; };
		DB163A291D3D31D30019A316 /* Assets.xcassets */ = {isa = PBXFileReference; lastKnownFileType = folder.assetcatalog; path = Assets.xcassets; sourceTree = "<group>"; };
		DB163A2C1D3D31D30019A316 /* Base */ = {isa = PBXFileReference; lastKnownFileType = file.storyboard; name = Base; path = Base.lproj/LaunchScreen.storyboard; sourceTree = "<group>"; };
		DB163A2E1D3D31D30019A316 /* Info.plist */ = {isa = PBXFileReference; lastKnownFileType = text.plist.xml; path = Info.plist; sourceTree = "<group>"; };
		DB163A331D3D31D30019A316 /* OnTheMapTests.xctest */ = {isa = PBXFileReference; explicitFileType = wrapper.cfbundle; includeInIndex = 0; path = OnTheMapTests.xctest; sourceTree = BUILT_PRODUCTS_DIR; };
		DB163A371D3D31D30019A316 /* OnTheMapTests.swift */ = {isa = PBXFileReference; lastKnownFileType = sourcecode.swift; path = OnTheMapTests.swift; sourceTree = "<group>"; };
		DB163A391D3D31D30019A316 /* Info.plist */ = {isa = PBXFileReference; lastKnownFileType = text.plist.xml; path = Info.plist; sourceTree = "<group>"; };
		DB163A3E1D3D31D30019A316 /* OnTheMapUITests.xctest */ = {isa = PBXFileReference; explicitFileType = wrapper.cfbundle; includeInIndex = 0; path = OnTheMapUITests.xctest; sourceTree = BUILT_PRODUCTS_DIR; };
		DB163A421D3D31D30019A316 /* OnTheMapUITests.swift */ = {isa = PBXFileReference; lastKnownFileType = sourcecode.swift; path = OnTheMapUITests.swift; sourceTree = "<group>"; };
		DB163A441D3D31D30019A316 /* Info.plist */ = {isa = PBXFileReference; lastKnownFileType = text.plist.xml; path = Info.plist; sourceTree = "<group>"; };
/* End PBXFileReference section */

/* Begin PBXFrameworksBuildPhase section */
		DB163A1C1D3D31D20019A316 /* Frameworks */ = {
			isa = PBXFrameworksBuildPhase;
			buildActionMask = 2147483647;
			files = (
			);
			runOnlyForDeploymentPostprocessing = 0;
		};
		DB163A301D3D31D30019A316 /* Frameworks */ = {
			isa = PBXFrameworksBuildPhase;
			buildActionMask = 2147483647;
			files = (
			);
			runOnlyForDeploymentPostprocessing = 0;
		};
		DB163A3B1D3D31D30019A316 /* Frameworks */ = {
			isa = PBXFrameworksBuildPhase;
			buildActionMask = 2147483647;
			files = (
			);
			runOnlyForDeploymentPostprocessing = 0;
		};
/* End PBXFrameworksBuildPhase section */

/* Begin PBXGroup section */
		DB163A161D3D31D20019A316 = {
			isa = PBXGroup;
			children = (
				DB163A211D3D31D30019A316 /* OnTheMap */,
				DB163A361D3D31D30019A316 /* OnTheMapTests */,
				DB163A411D3D31D30019A316 /* OnTheMapUITests */,
				DB163A201D3D31D20019A316 /* Products */,
			);
			sourceTree = "<group>";
		};
		DB163A201D3D31D20019A316 /* Products */ = {
			isa = PBXGroup;
			children = (
				DB163A1F1D3D31D20019A316 /* OnTheMap.app */,
				DB163A331D3D31D30019A316 /* OnTheMapTests.xctest */,
				DB163A3E1D3D31D30019A316 /* OnTheMapUITests.xctest */,
			);
			name = Products;
			sourceTree = "<group>";
		};
		DB163A211D3D31D30019A316 /* OnTheMap */ = {
			isa = PBXGroup;
			children = (
				DB163A221D3D31D30019A316 /* AppDelegate.swift */,
				DB163A241D3D31D30019A316 /* ViewController.swift */,
				DB163A261D3D31D30019A316 /* Main.storyboard */,
				DB163A291D3D31D30019A316 /* Assets.xcassets */,
				DB163A2B1D3D31D30019A316 /* LaunchScreen.storyboard */,
				DB163A2E1D3D31D30019A316 /* Info.plist */,
			);
			path = OnTheMap;
			sourceTree = "<group>";
		};
		DB163A361D3D31D30019A316 /* OnTheMapTests */ = {
			isa = PBXGroup;
			children = (
				DB163A371D3D31D30019A316 /* OnTheMapTests.swift */,
				DB163A391D3D31D30019A316 /* Info.plist */,
			);
			path = OnTheMapTests;
			sourceTree = "<group>";
		};
		DB163A411D3D31D30019A316 /* OnTheMapUITests */ = {
			isa = PBXGroup;
			children = (
				DB163A421D3D31D30019A316 /* OnTheMapUITests.swift */,
				DB163A441D3D31D30019A316 /* Info.plist */,
			);
			path = OnTheMapUITests;
			sourceTree = "<group>";
		};
/* End PBXGroup section */

/* Begin PBXNativeTarget section */
		DB163A1E1D3D31D20019A316 /* OnTheMap */ = {
			isa = PBXNativeTarget;
			buildConfigurationList = DB163A471D3D31D30019A316 /* Build configuration list for PBXNativeTarget "OnTheMap" */;
			buildPhases = (
				DB163A1B1D3D31D20019A316 /* Sources */,
				DB163A1C1D3D31D20019A316 /* Frameworks */,
				DB163A1D1D3D31D20019A316 /* Resources */,
			);
			buildRules = (
			);
			dependencies = (
			);
			name = OnTheMap;
			productName = OnTheMap;
			productReference = DB163A1F1D3D31D20019A316 /* OnTheMap.app */;
			productType = "com.apple.product-type.application";
		};
		DB163A321D3D31D30019A316 /* OnTheMapTests */ = {
			isa = PBXNativeTarget;
			buildConfigurationList = DB163A4A1D3D31D30019A316 /* Build configuration list for PBXNativeTarget "OnTheMapTests" */;
			buildPhases = (
				DB163A2F1D3D31D30019A316 /* Sources */,
				DB163A301D3D31D30019A316 /* Frameworks */,
				DB163A311D3D31D30019A316 /* Resources */,
			);
			buildRules = (
			);
			dependencies = (
				DB163A351D3D31D30019A316 /* PBXTargetDependency */,
			);
			name = OnTheMapTests;
			productName = OnTheMapTests;
			productReference = DB163A331D3D31D30019A316 /* OnTheMapTests.xctest */;
			productType = "com.apple.product-type.bundle.unit-test";
		};
		DB163A3D1D3D31D30019A316 /* OnTheMapUITests */ = {
			isa = PBXNativeTarget;
			buildConfigurationList = DB163A4D1D3D31D30019A316 /* Build configuration list for PBXNativeTarget "OnTheMapUITests" */;
			buildPhases = (
				DB163A3A1D3D31D30019A316 /* Sources */,
				DB163A3B1D3D31D30019A316 /* Frameworks */,
				DB163A3C1D3D31D30019A316 /* Resources */,
			);
			buildRules = (
			);
			dependencies = (
				DB163A401D3D31D30019A316 /* PBXTargetDependency */,
			);
			name = OnTheMapUITests;
			productName = OnTheMapUITests;
			productReference = DB163A3E1D3D31D30019A316 /* OnTheMapUITests.xctest */;
			productType = "com.apple.product-type.bundle.ui-testing";
		};
/* End PBXNativeTarget section */

/* Begin PBXProject section */
		DB163A171D3D31D20019A316 /* Project object */ = {
			isa = PBXProject;
			attributes = {
				LastSwiftUpdateCheck = 0730;
				LastUpgradeCheck = 0730;
				ORGANIZATIONNAME = "Adam Zarn";
				TargetAttributes = {
					DB163A1E1D3D31D20019A316 = {
						CreatedOnToolsVersion = 7.3.1;
						DevelopmentTeam = HE77MR2NG6;
					};
					DB163A321D3D31D30019A316 = {
						CreatedOnToolsVersion = 7.3.1;
						DevelopmentTeam = HE77MR2NG6;
						TestTargetID = DB163A1E1D3D31D20019A316;
					};
					DB163A3D1D3D31D30019A316 = {
						CreatedOnToolsVersion = 7.3.1;
						DevelopmentTeam = HE77MR2NG6;
						TestTargetID = DB163A1E1D3D31D20019A316;
					};
				};
			};
			buildConfigurationList = DB163A1A1D3D31D20019A316 /* Build configuration list for PBXProject "OnTheMap" */;
			compatibilityVersion = "Xcode 3.2";
			developmentRegion = English;
			hasScannedForEncodings = 0;
			knownRegions = (
				en,
				Base,
			);
			mainGroup = DB163A161D3D31D20019A316;
			productRefGroup = DB163A201D3D31D20019A316 /* Products */;
			projectDirPath = "";
			projectRoot = "";
			targets = (
				DB163A1E1D3D31D20019A316 /* OnTheMap */,
				DB163A321D3D31D30019A316 /* OnTheMapTests */,
				DB163A3D1D3D31D30019A316 /* OnTheMapUITests */,
			);
		};
/* End PBXProject section */

/* Begin PBXResourcesBuildPhase section */
		DB163A1D1D3D31D20019A316 /* Resources */ = {
			isa = PBXResourcesBuildPhase;
			buildActionMask = 2147483647;
			files = (
				DB163A2D1D3D31D30019A316 /* LaunchScreen.storyboard in Resources */,
				DB163A2A1D3D31D30019A316 /* Assets.xcassets in Resources */,
				DB163A281D3D31D30019A316 /* Main.storyboard in Resources */,
			);
			runOnlyForDeploymentPostprocessing = 0;
		};
		DB163A311D3D31D30019A316 /* Resources */ = {
			isa = PBXResourcesBuildPhase;
			buildActionMask = 2147483647;
			files = (
			);
			runOnlyForDeploymentPostprocessing = 0;
		};
		DB163A3C1D3D31D30019A316 /* Resources */ = {
			isa = PBXResourcesBuildPhase;
			buildActionMask = 2147483647;
			files = (
			);
			runOnlyForDeploymentPostprocessing = 0;
		};
/* End PBXResourcesBuildPhase section */

/* Begin PBXSourcesBuildPhase section */
		DB163A1B1D3D31D20019A316 /* Sources */ = {
			isa = PBXSourcesBuildPhase;
			buildActionMask = 2147483647;
			files = (
				DB163A251D3D31D30019A316 /* ViewController.swift in Sources */,
				DB163A231D3D31D30019A316 /* AppDelegate.swift in Sources */,
			);
			runOnlyForDeploymentPostprocessing = 0;
		};
		DB163A2F1D3D31D30019A316 /* Sources */ = {
			isa = PBXSourcesBuildPhase;
			buildActionMask = 2147483647;
			files = (
				DB163A381D3D31D30019A316 /* OnTheMapTests.swift in Sources */,
			);
			runOnlyForDeploymentPostprocessing = 0;
		};
		DB163A3A1D3D31D30019A316 /* Sources */ = {
			isa = PBXSourcesBuildPhase;
			buildActionMask = 2147483647;
			files = (
				DB163A431D3D31D30019A316 /* OnTheMapUITests.swift in Sources */,
			);
			runOnlyForDeploymentPostprocessing = 0;
		};
/* End PBXSourcesBuildPhase section */

/* Begin PBXTargetDependency section */
		DB163A351D3D31D30019A316 /* PBXTargetDependency */ = {
			isa = PBXTargetDependency;
			target = DB163A1E1D3D31D20019A316 /* OnTheMap */;
			targetProxy = DB163A341D3D31D30019A316 /* PBXContainerItemProxy */;
		};
		DB163A401D3D31D30019A316 /* PBXTargetDependency */ = {
			isa = PBXTargetDependency;
			target = DB163A1E1D3D31D20019A316 /* OnTheMap */;
			targetProxy = DB163A3F1D3D31D30019A316 /* PBXContainerItemProxy */;
		};
/* End PBXTargetDependency section */

/* Begin PBXVariantGroup section */
		DB163A261D3D31D30019A316 /* Main.storyboard */ = {
			isa = PBXVariantGroup;
			children = (
				DB163A271D3D31D30019A316 /* Base */,
			);
			name = Main.storyboard;
			sourceTree = "<group>";
		};
		DB163A2B1D3D31D30019A316 /* LaunchScreen.storyboard */ = {
			isa = PBXVariantGroup;
			children = (
				DB163A2C1D3D31D30019A316 /* Base */,
			);
			name = LaunchScreen.storyboard;
			sourceTree = "<group>";
		};
/* End PBXVariantGroup section */

/* Begin XCBuildConfiguration section */
		DB163A451D3D31D30019A316 /* Debug */ = {
			isa = XCBuildConfiguration;
			buildSettings = {
				ALWAYS_SEARCH_USER_PATHS = NO;
				CLANG_ANALYZER_NONNULL = YES;
				CLANG_CXX_LANGUAGE_STANDARD = "gnu++0x";
				CLANG_CXX_LIBRARY = "libc++";
				CLANG_ENABLE_MODULES = YES;
				CLANG_ENABLE_OBJC_ARC = YES;
				CLANG_WARN_BOOL_CONVERSION = YES;
				CLANG_WARN_CONSTANT_CONVERSION = YES;
				CLANG_WARN_DIRECT_OBJC_ISA_USAGE = YES_ERROR;
				CLANG_WARN_EMPTY_BODY = YES;
				CLANG_WARN_ENUM_CONVERSION = YES;
				CLANG_WARN_INT_CONVERSION = YES;
				CLANG_WARN_OBJC_ROOT_CLASS = YES_ERROR;
				CLANG_WARN_UNREACHABLE_CODE = YES;
				CLANG_WARN__DUPLICATE_METHOD_MATCH = YES;
				"CODE_SIGN_IDENTITY[sdk=iphoneos*]" = "iPhone Developer";
				COPY_PHASE_STRIP = NO;
				DEBUG_INFORMATION_FORMAT = dwarf;
				ENABLE_STRICT_OBJC_MSGSEND = YES;
				ENABLE_TESTABILITY = YES;
				GCC_C_LANGUAGE_STANDARD = gnu99;
				GCC_DYNAMIC_NO_PIC = NO;
				GCC_NO_COMMON_BLOCKS = YES;
				GCC_OPTIMIZATION_LEVEL = 0;
				GCC_PREPROCESSOR_DEFINITIONS = (
					"DEBUG=1",
					"$(inherited)",
				);
				GCC_WARN_64_TO_32_BIT_CONVERSION = YES;
				GCC_WARN_ABOUT_RETURN_TYPE = YES_ERROR;
				GCC_WARN_UNDECLARED_SELECTOR = YES;
				GCC_WARN_UNINITIALIZED_AUTOS = YES_AGGRESSIVE;
				GCC_WARN_UNUSED_FUNCTION = YES;
				GCC_WARN_UNUSED_VARIABLE = YES;
				IPHONEOS_DEPLOYMENT_TARGET = 9.3;
				MTL_ENABLE_DEBUG_INFO = YES;
				ONLY_ACTIVE_ARCH = YES;
				SDKROOT = iphoneos;
				SWIFT_OPTIMIZATION_LEVEL = "-Onone";
				TARGETED_DEVICE_FAMILY = "1,2";
			};
			name = Debug;
		};
		DB163A461D3D31D30019A316 /* Release */ = {
			isa = XCBuildConfiguration;
			buildSettings = {
				ALWAYS_SEARCH_USER_PATHS = NO;
				CLANG_ANALYZER_NONNULL = YES;
				CLANG_CXX_LANGUAGE_STANDARD = "gnu++0x";
				CLANG_CXX_LIBRARY = "libc++";
				CLANG_ENABLE_MODULES = YES;
				CLANG_ENABLE_OBJC_ARC = YES;
				CLANG_WARN_BOOL_CONVERSION = YES;
				CLANG_WARN_CONSTANT_CONVERSION = YES;
				CLANG_WARN_DIRECT_OBJC_ISA_USAGE = YES_ERROR;
				CLANG_WARN_EMPTY_BODY = YES;
				CLANG_WARN_ENUM_CONVERSION = YES;
				CLANG_WARN_INT_CONVERSION = YES;
				CLANG_WARN_OBJC_ROOT_CLASS = YES_ERROR;
				CLANG_WARN_UNREACHABLE_CODE = YES;
				CLANG_WARN__DUPLICATE_METHOD_MATCH = YES;
				"CODE_SIGN_IDENTITY[sdk=iphoneos*]" = "iPhone Developer";
				COPY_PHASE_STRIP = NO;
				DEBUG_INFORMATION_FORMAT = "dwarf-with-dsym";
				ENABLE_NS_ASSERTIONS = NO;
				ENABLE_STRICT_OBJC_MSGSEND = YES;
				GCC_C_LANGUAGE_STANDARD = gnu99;
				GCC_NO_COMMON_BLOCKS = YES;
				GCC_WARN_64_TO_32_BIT_CONVERSION = YES;
				GCC_WARN_ABOUT_RETURN_TYPE = YES_ERROR;
				GCC_WARN_UNDECLARED_SELECTOR = YES;
				GCC_WARN_UNINITIALIZED_AUTOS = YES_AGGRESSIVE;
				GCC_WARN_UNUSED_FUNCTION = YES;
				GCC_WARN_UNUSED_VARIABLE = YES;
				IPHONEOS_DEPLOYMENT_TARGET = 9.3;
				MTL_ENABLE_DEBUG_INFO = NO;
				SDKROOT = iphoneos;
				TARGETED_DEVICE_FAMILY = "1,2";
				VALIDATE_PRODUCT = YES;
			};
			name = Release;
		};
		DB163A481D3D31D30019A316 /* Debug */ = {
			isa = XCBuildConfiguration;
			buildSettings = {
				ASSETCATALOG_COMPILER_APPICON_NAME = AppIcon;
				INFOPLIST_FILE = OnTheMap/Info.plist;
				LD_RUNPATH_SEARCH_PATHS = "$(inherited) @executable_path/Frameworks";
				PRODUCT_BUNDLE_IDENTIFIER = AJZ.OnTheMap;
				PRODUCT_NAME = "$(TARGET_NAME)";
			};
			name = Debug;
		};
		DB163A491D3D31D30019A316 /* Release */ = {
			isa = XCBuildConfiguration;
			buildSettings = {
				ASSETCATALOG_COMPILER_APPICON_NAME = AppIcon;
				INFOPLIST_FILE = OnTheMap/Info.plist;
				LD_RUNPATH_SEARCH_PATHS = "$(inherited) @executable_path/Frameworks";
				PRODUCT_BUNDLE_IDENTIFIER = AJZ.OnTheMap;
				PRODUCT_NAME = "$(TARGET_NAME)";
			};
			name = Release;
		};
		DB163A4B1D3D31D30019A316 /* Debug */ = {
			isa = XCBuildConfiguration;
			buildSettings = {
				BUNDLE_LOADER = "$(TEST_HOST)";
				INFOPLIST_FILE = OnTheMapTests/Info.plist;
				LD_RUNPATH_SEARCH_PATHS = "$(inherited) @executable_path/Frameworks @loader_path/Frameworks";
				PRODUCT_BUNDLE_IDENTIFIER = AJZ.OnTheMapTests;
				PRODUCT_NAME = "$(TARGET_NAME)";
				TEST_HOST = "$(BUILT_PRODUCTS_DIR)/OnTheMap.app/OnTheMap";
			};
			name = Debug;
		};
		DB163A4C1D3D31D30019A316 /* Release */ = {
			isa = XCBuildConfiguration;
			buildSettings = {
				BUNDLE_LOADER = "$(TEST_HOST)";
				INFOPLIST_FILE = OnTheMapTests/Info.plist;
				LD_RUNPATH_SEARCH_PATHS = "$(inherited) @executable_path/Frameworks @loader_path/Frameworks";
				PRODUCT_BUNDLE_IDENTIFIER = AJZ.OnTheMapTests;
				PRODUCT_NAME = "$(TARGET_NAME)";
				TEST_HOST = "$(BUILT_PRODUCTS_DIR)/OnTheMap.app/OnTheMap";
			};
			name = Release;
		};
		DB163A4E1D3D31D30019A316 /* Debug */ = {
			isa = XCBuildConfiguration;
			buildSettings = {
				INFOPLIST_FILE = OnTheMapUITests/Info.plist;
				LD_RUNPATH_SEARCH_PATHS = "$(inherited) @executable_path/Frameworks @loader_path/Frameworks";
				PRODUCT_BUNDLE_IDENTIFIER = AJZ.OnTheMapUITests;
				PRODUCT_NAME = "$(TARGET_NAME)";
				TEST_TARGET_NAME = OnTheMap;
			};
			name = Debug;
		};
		DB163A4F1D3D31D30019A316 /* Release */ = {
			isa = XCBuildConfiguration;
			buildSettings = {
				INFOPLIST_FILE = OnTheMapUITests/Info.plist;
				LD_RUNPATH_SEARCH_PATHS = "$(inherited) @executable_path/Frameworks @loader_path/Frameworks";
				PRODUCT_BUNDLE_IDENTIFIER = AJZ.OnTheMapUITests;
				PRODUCT_NAME = "$(TARGET_NAME)";
				TEST_TARGET_NAME = OnTheMap;
			};
			name = Release;
		};
/* End XCBuildConfiguration section */

/* Begin XCConfigurationList section */
		DB163A1A1D3D31D20019A316 /* Build configuration list for PBXProject "OnTheMap" */ = {
			isa = XCConfigurationList;
			buildConfigurations = (
				DB163A451D3D31D30019A316 /* Debug */,
				DB163A461D3D31D30019A316 /* Release */,
			);
			defaultConfigurationIsVisible = 0;
			defaultConfigurationName = Release;
		};
		DB163A471D3D31D30019A316 /* Build configuration list for PBXNativeTarget "OnTheMap" */ = {
			isa = XCConfigurationList;
			buildConfigurations = (
				DB163A481D3D31D30019A316 /* Debug */,
				DB163A491D3D31D30019A316 /* Release */,
			);
			defaultConfigurationIsVisible = 0;
		};
		DB163A4A1D3D31D30019A316 /* Build configuration list for PBXNativeTarget "OnTheMapTests" */ = {
			isa = XCConfigurationList;
			buildConfigurations = (
				DB163A4B1D3D31D30019A316 /* Debug */,
				DB163A4C1D3D31D30019A316 /* Release */,
			);
			defaultConfigurationIsVisible = 0;
		};
		DB163A4D1D3D31D30019A316 /* Build configuration list for PBXNativeTarget "OnTheMapUITests" */ = {
			isa = XCConfigurationList;
			buildConfigurations = (
				DB163A4E1D3D31D30019A316 /* Debug */,
				DB163A4F1D3D31D30019A316 /* Release */,
			);
			defaultConfigurationIsVisible = 0;
		};
/* End XCConfigurationList section */
	};
	rootObject = DB163A171D3D31D20019A316 /* Project object */;
}
