// !$*UTF8*$!
{
	archiveVersion = 1;
	classes = {
	};
	objectVersion = 46;
	objects = {

/* Begin PBXBuildFile section */
		44044ABEEBF698D617B4152F /* Pods_OnTheMap.framework in Frameworks */ = {isa = PBXBuildFile; fileRef = 016AEF515D507AA8FCDC8825 /* Pods_OnTheMap.framework */; };
		B3C930FC1C49573A1F4D01AD /* Pods_OnTheMapTests.framework in Frameworks */ = {isa = PBXBuildFile; fileRef = FCF47EAFF3A0348791BDCFAD /* Pods_OnTheMapTests.framework */; };
		C1EED2345ED90D81A448CC63 /* Pods_OnTheMapUITests.framework in Frameworks */ = {isa = PBXBuildFile; fileRef = E71F7CA4892F85F2D65005FB /* Pods_OnTheMapUITests.framework */; };
		DB163A231D3D31D30019A316 /* AppDelegate.swift in Sources */ = {isa = PBXBuildFile; fileRef = DB163A221D3D31D30019A316 /* AppDelegate.swift */; };
		DB163A251D3D31D30019A316 /* LoginViewController.swift in Sources */ = {isa = PBXBuildFile; fileRef = DB163A241D3D31D30019A316 /* LoginViewController.swift */; };
		DB163A2A1D3D31D30019A316 /* Assets.xcassets in Resources */ = {isa = PBXBuildFile; fileRef = DB163A291D3D31D30019A316 /* Assets.xcassets */; };
		DB163A2D1D3D31D30019A316 /* LaunchScreen.storyboard in Resources */ = {isa = PBXBuildFile; fileRef = DB163A2B1D3D31D30019A316 /* LaunchScreen.storyboard */; };
		DB163A381D3D31D30019A316 /* OnTheMapTests.swift in Sources */ = {isa = PBXBuildFile; fileRef = DB163A371D3D31D30019A316 /* OnTheMapTests.swift */; };
		DB163A431D3D31D30019A316 /* OnTheMapUITests.swift in Sources */ = {isa = PBXBuildFile; fileRef = DB163A421D3D31D30019A316 /* OnTheMapUITests.swift */; };
		DB2E51DD1D4AB8F800018D8C /* CurrentUser.swift in Sources */ = {isa = PBXBuildFile; fileRef = DB2E51DC1D4AB8F800018D8C /* CurrentUser.swift */; };
		DB2E51DF1D4FF81700018D8C /* StudentInformation.swift in Sources */ = {isa = PBXBuildFile; fileRef = DB2E51DE1D4FF81700018D8C /* StudentInformation.swift */; };
		DB311E281D3E905200810814 /* MyTextField.swift in Sources */ = {isa = PBXBuildFile; fileRef = DB311E271D3E905200810814 /* MyTextField.swift */; };
		DB866D881D3FC33700B8C534 /* MapViewController.swift in Sources */ = {isa = PBXBuildFile; fileRef = DB866D871D3FC33700B8C534 /* MapViewController.swift */; };
		DB866D8A1D3FC34600B8C534 /* TableViewController.swift in Sources */ = {isa = PBXBuildFile; fileRef = DB866D891D3FC34600B8C534 /* TableViewController.swift */; };
		DB866D8C1D4167C300B8C534 /* MyTableCell.swift in Sources */ = {isa = PBXBuildFile; fileRef = DB866D8B1D4167C300B8C534 /* MyTableCell.swift */; };
		DB95E6311D53BC4200E329FD /* ParseClient.swift in Sources */ = {isa = PBXBuildFile; fileRef = DB95E6301D53BC4200E329FD /* ParseClient.swift */; };
		DBB4B3E71D3E9C6E0093A07D /* InformationPostingViewController.swift in Sources */ = {isa = PBXBuildFile; fileRef = DBB4B3E61D3E9C6E0093A07D /* InformationPostingViewController.swift */; };
		DBB4B3F01D3EC15A0093A07D /* UdacityClient.swift in Sources */ = {isa = PBXBuildFile; fileRef = DBB4B3EF1D3EC15A0093A07D /* UdacityClient.swift */; };
		DBB4B3F61D3ECF180093A07D /* GCDBlackBox.swift in Sources */ = {isa = PBXBuildFile; fileRef = DBB4B3F51D3ECF180093A07D /* GCDBlackBox.swift */; };
		DBBB87EB1D53EA0C00EE2CEC /* Main.storyboard in Resources */ = {isa = PBXBuildFile; fileRef = DBBB87EA1D53EA0C00EE2CEC /* Main.storyboard */; };
/* End PBXBuildFile section */

/* Begin PBXContainerItemProxy section */
		DB163A341D3D31D30019A316 /* PBXContainerItemProxy */ = {
			isa = PBXContainerItemProxy;
			containerPortal = DB163A171D3D31D20019A316 /* Project object */;
			proxyType = 1;
			remoteGlobalIDString = DB163A1E1D3D31D20019A316;
			remoteInfo = OnTheMap;
		};
		DB163A3F1D3D31D30019A316 /* PBXContainerItemProxy */ = {
			isa = PBXContainerItemProxy;
			containerPortal = DB163A171D3D31D20019A316 /* Project object */;
			proxyType = 1;
			remoteGlobalIDString = DB163A1E1D3D31D20019A316;
			remoteInfo = OnTheMap;
		};
/* End PBXContainerItemProxy section */

/* Begin PBXFileReference section */
		016AEF515D507AA8FCDC8825 /* Pods_OnTheMap.framework */ = {isa = PBXFileReference; explicitFileType = wrapper.framework; includeInIndex = 0; path = Pods_OnTheMap.framework; sourceTree = BUILT_PRODUCTS_DIR; };
		06355E73198309DC50B504F7 /* Pods-OnTheMap.debug.xcconfig */ = {isa = PBXFileReference; includeInIndex = 1; lastKnownFileType = text.xcconfig; name = "Pods-OnTheMap.debug.xcconfig"; path = "Pods/Target Support Files/Pods-OnTheMap/Pods-OnTheMap.debug.xcconfig"; sourceTree = "<group>"; };
		30FF13AE3A9098D28444C00B /* Pods-OnTheMapTests.release.xcconfig */ = {isa = PBXFileReference; includeInIndex = 1; lastKnownFileType = text.xcconfig; name = "Pods-OnTheMapTests.release.xcconfig"; path = "Pods/Target Support Files/Pods-OnTheMapTests/Pods-OnTheMapTests.release.xcconfig"; sourceTree = "<group>"; };
		3978B75A835487646FDE8E76 /* Pods-OnTheMap.release.xcconfig */ = {isa = PBXFileReference; includeInIndex = 1; lastKnownFileType = text.xcconfig; name = "Pods-OnTheMap.release.xcconfig"; path = "Pods/Target Support Files/Pods-OnTheMap/Pods-OnTheMap.release.xcconfig"; sourceTree = "<group>"; };
		48ACF4F2C026092AF0A7C331 /* Pods-OnTheMapUITests.release.xcconfig */ = {isa = PBXFileReference; includeInIndex = 1; lastKnownFileType = text.xcconfig; name = "Pods-OnTheMapUITests.release.xcconfig"; path = "Pods/Target Support Files/Pods-OnTheMapUITests/Pods-OnTheMapUITests.release.xcconfig"; sourceTree = "<group>"; };
		C14361A21AEA273234A4E214 /* Pods-OnTheMapUITests.debug.xcconfig */ = {isa = PBXFileReference; includeInIndex = 1; lastKnownFileType = text.xcconfig; name = "Pods-OnTheMapUITests.debug.xcconfig"; path = "Pods/Target Support Files/Pods-OnTheMapUITests/Pods-OnTheMapUITests.debug.xcconfig"; sourceTree = "<group>"; };
		DB163A1F1D3D31D20019A316 /* OnTheMap.app */ = {isa = PBXFileReference; explicitFileType = wrapper.application; includeInIndex = 0; path = OnTheMap.app; sourceTree = BUILT_PRODUCTS_DIR; };
		DB163A221D3D31D30019A316 /* AppDelegate.swift */ = {isa = PBXFileReference; lastKnownFileType = sourcecode.swift; path = AppDelegate.swift; sourceTree = "<group>"; };
		DB163A241D3D31D30019A316 /* LoginViewController.swift */ = {isa = PBXFileReference; lastKnownFileType = sourcecode.swift; path = LoginViewController.swift; sourceTree = "<group>"; };
		DB163A291D3D31D30019A316 /* Assets.xcassets */ = {isa = PBXFileReference; lastKnownFileType = folder.assetcatalog; path = Assets.xcassets; sourceTree = "<group>"; };
		DB163A2C1D3D31D30019A316 /* Base */ = {isa = PBXFileReference; lastKnownFileType = file.storyboard; name = Base; path = Base.lproj/LaunchScreen.storyboard; sourceTree = "<group>"; };
		DB163A2E1D3D31D30019A316 /* Info.plist */ = {isa = PBXFileReference; lastKnownFileType = text.plist.xml; path = Info.plist; sourceTree = "<group>"; };
		DB163A331D3D31D30019A316 /* OnTheMapTests.xctest */ = {isa = PBXFileReference; explicitFileType = wrapper.cfbundle; includeInIndex = 0; path = OnTheMapTests.xctest; sourceTree = BUILT_PRODUCTS_DIR; };
		DB163A371D3D31D30019A316 /* OnTheMapTests.swift */ = {isa = PBXFileReference; lastKnownFileType = sourcecode.swift; path = OnTheMapTests.swift; sourceTree = "<group>"; };
		DB163A391D3D31D30019A316 /* Info.plist */ = {isa = PBXFileReference; lastKnownFileType = text.plist.xml; path = Info.plist; sourceTree = "<group>"; };
		DB163A3E1D3D31D30019A316 /* OnTheMapUITests.xctest */ = {isa = PBXFileReference; explicitFileType = wrapper.cfbundle; includeInIndex = 0; path = OnTheMapUITests.xctest; sourceTree = BUILT_PRODUCTS_DIR; };
		DB163A421D3D31D30019A316 /* OnTheMapUITests.swift */ = {isa = PBXFileReference; lastKnownFileType = sourcecode.swift; path = OnTheMapUITests.swift; sourceTree = "<group>"; };
		DB163A441D3D31D30019A316 /* Info.plist */ = {isa = PBXFileReference; lastKnownFileType = text.plist.xml; path = Info.plist; sourceTree = "<group>"; };
		DB163A501D3D629F0019A316 /* MapKit.framework */ = {isa = PBXFileReference; lastKnownFileType = wrapper.framework; name = MapKit.framework; path = System/Library/Frameworks/MapKit.framework; sourceTree = SDKROOT; };
		DB2E51DC1D4AB8F800018D8C /* CurrentUser.swift */ = {isa = PBXFileReference; fileEncoding = 4; lastKnownFileType = sourcecode.swift; path = CurrentUser.swift; sourceTree = "<group>"; };
		DB2E51DE1D4FF81700018D8C /* StudentInformation.swift */ = {isa = PBXFileReference; fileEncoding = 4; lastKnownFileType = sourcecode.swift; path = StudentInformation.swift; sourceTree = "<group>"; };
		DB311E271D3E905200810814 /* MyTextField.swift */ = {isa = PBXFileReference; fileEncoding = 4; lastKnownFileType = sourcecode.swift; path = MyTextField.swift; sourceTree = "<group>"; };
		DB311E291D3E95B400810814 /* Roboto-Regular.ttf */ = {isa = PBXFileReference; lastKnownFileType = file; name = "Roboto-Regular.ttf"; path = "../../../../../Downloads/on the map assets/Roboto-Regular.ttf"; sourceTree = "<group>"; };
		DB866D871D3FC33700B8C534 /* MapViewController.swift */ = {isa = PBXFileReference; fileEncoding = 4; lastKnownFileType = sourcecode.swift; path = MapViewController.swift; sourceTree = "<group>"; };
		DB866D891D3FC34600B8C534 /* TableViewController.swift */ = {isa = PBXFileReference; fileEncoding = 4; lastKnownFileType = sourcecode.swift; path = TableViewController.swift; sourceTree = "<group>"; };
		DB866D8B1D4167C300B8C534 /* MyTableCell.swift */ = {isa = PBXFileReference; fileEncoding = 4; lastKnownFileType = sourcecode.swift; path = MyTableCell.swift; sourceTree = "<group>"; };
		DB95E6301D53BC4200E329FD /* ParseClient.swift */ = {isa = PBXFileReference; fileEncoding = 4; lastKnownFileType = sourcecode.swift; path = ParseClient.swift; sourceTree = "<group>"; };
		DBB4B3E61D3E9C6E0093A07D /* InformationPostingViewController.swift */ = {isa = PBXFileReference; fileEncoding = 4; lastKnownFileType = sourcecode.swift; path = InformationPostingViewController.swift; sourceTree = "<group>"; };
		DBB4B3EF1D3EC15A0093A07D /* UdacityClient.swift */ = {isa = PBXFileReference; fileEncoding = 4; lastKnownFileType = sourcecode.swift; path = UdacityClient.swift; sourceTree = "<group>"; };
		DBB4B3F51D3ECF180093A07D /* GCDBlackBox.swift */ = {isa = PBXFileReference; fileEncoding = 4; lastKnownFileType = sourcecode.swift; path = GCDBlackBox.swift; sourceTree = "<group>"; };
		DBBB87EA1D53EA0C00EE2CEC /* Main.storyboard */ = {isa = PBXFileReference; fileEncoding = 4; lastKnownFileType = file.storyboard; path = Main.storyboard; sourceTree = "<group>"; };
		E71F7CA4892F85F2D65005FB /* Pods_OnTheMapUITests.framework */ = {isa = PBXFileReference; explicitFileType = wrapper.framework; includeInIndex = 0; path = Pods_OnTheMapUITests.framework; sourceTree = BUILT_PRODUCTS_DIR; };
		FCF47EAFF3A0348791BDCFAD /* Pods_OnTheMapTests.framework */ = {isa = PBXFileReference; explicitFileType = wrapper.framework; includeInIndex = 0; path = Pods_OnTheMapTests.framework; sourceTree = BUILT_PRODUCTS_DIR; };
		FFD9C9CCA6736CE953EEA39C /* Pods-OnTheMapTests.debug.xcconfig */ = {isa = PBXFileReference; includeInIndex = 1; lastKnownFileType = text.xcconfig; name = "Pods-OnTheMapTests.debug.xcconfig"; path = "Pods/Target Support Files/Pods-OnTheMapTests/Pods-OnTheMapTests.debug.xcconfig"; sourceTree = "<group>"; };
/* End PBXFileReference section */

/* Begin PBXFrameworksBuildPhase section */
		DB163A1C1D3D31D20019A316 /* Frameworks */ = {
			isa = PBXFrameworksBuildPhase;
			buildActionMask = 2147483647;
			files = (
				44044ABEEBF698D617B4152F /* Pods_OnTheMap.framework in Frameworks */,
			);
			runOnlyForDeploymentPostprocessing = 0;
		};
		DB163A301D3D31D30019A316 /* Frameworks */ = {
			isa = PBXFrameworksBuildPhase;
			buildActionMask = 2147483647;
			files = (
				B3C930FC1C49573A1F4D01AD /* Pods_OnTheMapTests.framework in Frameworks */,
			);
			runOnlyForDeploymentPostprocessing = 0;
		};
		DB163A3B1D3D31D30019A316 /* Frameworks */ = {
			isa = PBXFrameworksBuildPhase;
			buildActionMask = 2147483647;
			files = (
				C1EED2345ED90D81A448CC63 /* Pods_OnTheMapUITests.framework in Frameworks */,
			);
			runOnlyForDeploymentPostprocessing = 0;
		};
/* End PBXFrameworksBuildPhase section */

/* Begin PBXGroup section */
		0E49D530AA4E297DD97B55FC /* Frameworks */ = {
			isa = PBXGroup;
			children = (
				016AEF515D507AA8FCDC8825 /* Pods_OnTheMap.framework */,
				FCF47EAFF3A0348791BDCFAD /* Pods_OnTheMapTests.framework */,
				E71F7CA4892F85F2D65005FB /* Pods_OnTheMapUITests.framework */,
			);
			name = Frameworks;
			sourceTree = "<group>";
		};
		CDBD2EBC8E407B48C11C81D1 /* Pods */ = {
			isa = PBXGroup;
			children = (
				06355E73198309DC50B504F7 /* Pods-OnTheMap.debug.xcconfig */,
				3978B75A835487646FDE8E76 /* Pods-OnTheMap.release.xcconfig */,
				FFD9C9CCA6736CE953EEA39C /* Pods-OnTheMapTests.debug.xcconfig */,
				30FF13AE3A9098D28444C00B /* Pods-OnTheMapTests.release.xcconfig */,
				C14361A21AEA273234A4E214 /* Pods-OnTheMapUITests.debug.xcconfig */,
				48ACF4F2C026092AF0A7C331 /* Pods-OnTheMapUITests.release.xcconfig */,
			);
			name = Pods;
			sourceTree = "<group>";
		};
		DB163A161D3D31D20019A316 = {
			isa = PBXGroup;
			children = (
				DB163A501D3D629F0019A316 /* MapKit.framework */,
				DB163A211D3D31D30019A316 /* OnTheMap */,
				DB163A361D3D31D30019A316 /* OnTheMapTests */,
				DB163A411D3D31D30019A316 /* OnTheMapUITests */,
				DB163A201D3D31D20019A316 /* Products */,
				CDBD2EBC8E407B48C11C81D1 /* Pods */,
				0E49D530AA4E297DD97B55FC /* Frameworks */,
			);
			sourceTree = "<group>";
		};
		DB163A201D3D31D20019A316 /* Products */ = {
			isa = PBXGroup;
			children = (
				DB163A1F1D3D31D20019A316 /* OnTheMap.app */,
				DB163A331D3D31D30019A316 /* OnTheMapTests.xctest */,
				DB163A3E1D3D31D30019A316 /* OnTheMapUITests.xctest */,
			);
			name = Products;
			sourceTree = "<group>";
		};
		DB163A211D3D31D30019A316 /* OnTheMap */ = {
			isa = PBXGroup;
			children = (
				DB163A221D3D31D30019A316 /* AppDelegate.swift */,
				DBB4B3F51D3ECF180093A07D /* GCDBlackBox.swift */,
				DBB4B3EE1D3EC1090093A07D /* Model */,
				DBB4B3E91D3EC0000093A07D /* Controller */,
				DBB4B3EA1D3EC0380093A07D /* Assets */,
				DBB4B3ED1D3EC0870093A07D /* Supporting Files */,
			);
			path = OnTheMap;
			sourceTree = "<group>";
		};
		DB163A361D3D31D30019A316 /* OnTheMapTests */ = {
			isa = PBXGroup;
			children = (
				DB163A371D3D31D30019A316 /* OnTheMapTests.swift */,
				DB163A391D3D31D30019A316 /* Info.plist */,
			);
			path = OnTheMapTests;
			sourceTree = "<group>";
		};
		DB163A411D3D31D30019A316 /* OnTheMapUITests */ = {
			isa = PBXGroup;
			children = (
				DB163A421D3D31D30019A316 /* OnTheMapUITests.swift */,
				DB163A441D3D31D30019A316 /* Info.plist */,
			);
			path = OnTheMapUITests;
			sourceTree = "<group>";
		};
		DBB4B3E91D3EC0000093A07D /* Controller */ = {
			isa = PBXGroup;
			children = (
				DB163A241D3D31D30019A316 /* LoginViewController.swift */,
				DB866D871D3FC33700B8C534 /* MapViewController.swift */,
				DB866D891D3FC34600B8C534 /* TableViewController.swift */,
				DBB4B3E61D3E9C6E0093A07D /* InformationPostingViewController.swift */,
			);
			name = Controller;
			sourceTree = "<group>";
		};
		DBB4B3EA1D3EC0380093A07D /* Assets */ = {
			isa = PBXGroup;
			children = (
				DB163A291D3D31D30019A316 /* Assets.xcassets */,
				DB163A2B1D3D31D30019A316 /* LaunchScreen.storyboard */,
				DBBB87EA1D53EA0C00EE2CEC /* Main.storyboard */,
			);
			name = Assets;
			sourceTree = "<group>";
		};
		DBB4B3ED1D3EC0870093A07D /* Supporting Files */ = {
			isa = PBXGroup;
			children = (
				DB866D8B1D4167C300B8C534 /* MyTableCell.swift */,
				DB311E271D3E905200810814 /* MyTextField.swift */,
				DB311E291D3E95B400810814 /* Roboto-Regular.ttf */,
				DB163A2E1D3D31D30019A316 /* Info.plist */,
			);
			name = "Supporting Files";
			sourceTree = "<group>";
		};
		DBB4B3EE1D3EC1090093A07D /* Model */ = {
			isa = PBXGroup;
			children = (
				DBB4B3EF1D3EC15A0093A07D /* UdacityClient.swift */,
				DB95E6301D53BC4200E329FD /* ParseClient.swift */,
				DB2E51DC1D4AB8F800018D8C /* CurrentUser.swift */,
				DB2E51DE1D4FF81700018D8C /* StudentInformation.swift */,
			);
			name = Model;
			sourceTree = "<group>";
		};
/* End PBXGroup section */

/* Begin PBXNativeTarget section */
		DB163A1E1D3D31D20019A316 /* OnTheMap */ = {
			isa = PBXNativeTarget;
			buildConfigurationList = DB163A471D3D31D30019A316 /* Build configuration list for PBXNativeTarget "OnTheMap" */;
			buildPhases = (
				FC8E36B3CBA8421C8DD924BE /* [CP] Check Pods Manifest.lock */,
				DB163A1B1D3D31D20019A316 /* Sources */,
				DB163A1C1D3D31D20019A316 /* Frameworks */,
				DB163A1D1D3D31D20019A316 /* Resources */,
				DF8D1660B7140BA561F651C1 /* [CP] Embed Pods Frameworks */,
				6113FBF4AA58FBE7D8CD2E0E /* [CP] Copy Pods Resources */,
			);
			buildRules = (
			);
			dependencies = (
			);
			name = OnTheMap;
			productName = OnTheMap;
			productReference = DB163A1F1D3D31D20019A316 /* OnTheMap.app */;
			productType = "com.apple.product-type.application";
		};
		DB163A321D3D31D30019A316 /* OnTheMapTests */ = {
			isa = PBXNativeTarget;
			buildConfigurationList = DB163A4A1D3D31D30019A316 /* Build configuration list for PBXNativeTarget "OnTheMapTests" */;
			buildPhases = (
				4DEEF2219378CFE9F1712755 /* [CP] Check Pods Manifest.lock */,
				DB163A2F1D3D31D30019A316 /* Sources */,
				DB163A301D3D31D30019A316 /* Frameworks */,
				DB163A311D3D31D30019A316 /* Resources */,
				75003D8F8D78EFA9813E3D72 /* [CP] Embed Pods Frameworks */,
				AD266A4052466BBD5B9870A2 /* [CP] Copy Pods Resources */,
			);
			buildRules = (
			);
			dependencies = (
				DB163A351D3D31D30019A316 /* PBXTargetDependency */,
			);
			name = OnTheMapTests;
			productName = OnTheMapTests;
			productReference = DB163A331D3D31D30019A316 /* OnTheMapTests.xctest */;
			productType = "com.apple.product-type.bundle.unit-test";
		};
		DB163A3D1D3D31D30019A316 /* OnTheMapUITests */ = {
			isa = PBXNativeTarget;
			buildConfigurationList = DB163A4D1D3D31D30019A316 /* Build configuration list for PBXNativeTarget "OnTheMapUITests" */;
			buildPhases = (
				D541A683BA484CA06585D66A /* [CP] Check Pods Manifest.lock */,
				DB163A3A1D3D31D30019A316 /* Sources */,
				DB163A3B1D3D31D30019A316 /* Frameworks */,
				DB163A3C1D3D31D30019A316 /* Resources */,
				59C097E6BD068F9B7495241C /* [CP] Copy Pods Resources */,
			);
			buildRules = (
			);
			dependencies = (
				DB163A401D3D31D30019A316 /* PBXTargetDependency */,
			);
			name = OnTheMapUITests;
			productName = OnTheMapUITests;
			productReference = DB163A3E1D3D31D30019A316 /* OnTheMapUITests.xctest */;
			productType = "com.apple.product-type.bundle.ui-testing";
		};
/* End PBXNativeTarget section */

/* Begin PBXProject section */
		DB163A171D3D31D20019A316 /* Project object */ = {
			isa = PBXProject;
			attributes = {
				LastSwiftUpdateCheck = 0730;
				LastUpgradeCheck = 0730;
				ORGANIZATIONNAME = "Adam Zarn";
				TargetAttributes = {
					DB163A1E1D3D31D20019A316 = {
						CreatedOnToolsVersion = 7.3.1;
						DevelopmentTeam = HE77MR2NG6;
					};
					DB163A321D3D31D30019A316 = {
						CreatedOnToolsVersion = 7.3.1;
						DevelopmentTeam = HE77MR2NG6;
						TestTargetID = DB163A1E1D3D31D20019A316;
					};
					DB163A3D1D3D31D30019A316 = {
						CreatedOnToolsVersion = 7.3.1;
						DevelopmentTeam = HE77MR2NG6;
						TestTargetID = DB163A1E1D3D31D20019A316;
					};
				};
			};
			buildConfigurationList = DB163A1A1D3D31D20019A316 /* Build configuration list for PBXProject "OnTheMap" */;
			compatibilityVersion = "Xcode 3.2";
			developmentRegion = English;
			hasScannedForEncodings = 0;
			knownRegions = (
				en,
				Base,
			);
			mainGroup = DB163A161D3D31D20019A316;
			productRefGroup = DB163A201D3D31D20019A316 /* Products */;
			projectDirPath = "";
			projectRoot = "";
			targets = (
				DB163A1E1D3D31D20019A316 /* OnTheMap */,
				DB163A321D3D31D30019A316 /* OnTheMapTests */,
				DB163A3D1D3D31D30019A316 /* OnTheMapUITests */,
			);
		};
/* End PBXProject section */

/* Begin PBXResourcesBuildPhase section */
		DB163A1D1D3D31D20019A316 /* Resources */ = {
			isa = PBXResourcesBuildPhase;
			buildActionMask = 2147483647;
			files = (
				DBBB87EB1D53EA0C00EE2CEC /* Main.storyboard in Resources */,
				DB163A2D1D3D31D30019A316 /* LaunchScreen.storyboard in Resources */,
				DB163A2A1D3D31D30019A316 /* Assets.xcassets in Resources */,
			);
			runOnlyForDeploymentPostprocessing = 0;
		};
		DB163A311D3D31D30019A316 /* Resources */ = {
			isa = PBXResourcesBuildPhase;
			buildActionMask = 2147483647;
			files = (
			);
			runOnlyForDeploymentPostprocessing = 0;
		};
		DB163A3C1D3D31D30019A316 /* Resources */ = {
			isa = PBXResourcesBuildPhase;
			buildActionMask = 2147483647;
			files = (
			);
			runOnlyForDeploymentPostprocessing = 0;
		};
/* End PBXResourcesBuildPhase section */

/* Begin PBXShellScriptBuildPhase section */
		4DEEF2219378CFE9F1712755 /* [CP] Check Pods Manifest.lock */ = {
			isa = PBXShellScriptBuildPhase;
			buildActionMask = 2147483647;
			files = (
			);
			inputPaths = (
			);
			name = "[CP] Check Pods Manifest.lock";
			outputPaths = (
			);
			runOnlyForDeploymentPostprocessing = 0;
			shellPath = /bin/sh;
			shellScript = "diff \"${PODS_ROOT}/../Podfile.lock\" \"${PODS_ROOT}/Manifest.lock\" > /dev/null\nif [[ $? != 0 ]] ; then\n    cat << EOM\nerror: The sandbox is not in sync with the Podfile.lock. Run 'pod install' or update your CocoaPods installation.\nEOM\n    exit 1\nfi\n";
			showEnvVarsInLog = 0;
		};
		59C097E6BD068F9B7495241C /* [CP] Copy Pods Resources */ = {
			isa = PBXShellScriptBuildPhase;
			buildActionMask = 2147483647;
			files = (
			);
			inputPaths = (
			);
			name = "[CP] Copy Pods Resources";
			outputPaths = (
			);
			runOnlyForDeploymentPostprocessing = 0;
			shellPath = /bin/sh;
			shellScript = "\"${SRCROOT}/Pods/Target Support Files/Pods-OnTheMapUITests/Pods-OnTheMapUITests-resources.sh\"\n";
			showEnvVarsInLog = 0;
		};
		6113FBF4AA58FBE7D8CD2E0E /* [CP] Copy Pods Resources */ = {
			isa = PBXShellScriptBuildPhase;
			buildActionMask = 2147483647;
			files = (
			);
			inputPaths = (
			);
			name = "[CP] Copy Pods Resources";
			outputPaths = (
			);
			runOnlyForDeploymentPostprocessing = 0;
			shellPath = /bin/sh;
			shellScript = "\"${SRCROOT}/Pods/Target Support Files/Pods-OnTheMap/Pods-OnTheMap-resources.sh\"\n";
			showEnvVarsInLog = 0;
		};
		75003D8F8D78EFA9813E3D72 /* [CP] Embed Pods Frameworks */ = {
			isa = PBXShellScriptBuildPhase;
			buildActionMask = 2147483647;
			files = (
			);
			inputPaths = (
			);
			name = "[CP] Embed Pods Frameworks";
			outputPaths = (
			);
			runOnlyForDeploymentPostprocessing = 0;
			shellPath = /bin/sh;
			shellScript = "\"${SRCROOT}/Pods/Target Support Files/Pods-OnTheMapTests/Pods-OnTheMapTests-frameworks.sh\"\n";
			showEnvVarsInLog = 0;
		};
		AD266A4052466BBD5B9870A2 /* [CP] Copy Pods Resources */ = {
			isa = PBXShellScriptBuildPhase;
			buildActionMask = 2147483647;
			files = (
			);
			inputPaths = (
			);
			name = "[CP] Copy Pods Resources";
			outputPaths = (
			);
			runOnlyForDeploymentPostprocessing = 0;
			shellPath = /bin/sh;
			shellScript = "\"${SRCROOT}/Pods/Target Support Files/Pods-OnTheMapTests/Pods-OnTheMapTests-resources.sh\"\n";
			showEnvVarsInLog = 0;
		};
		D541A683BA484CA06585D66A /* [CP] Check Pods Manifest.lock */ = {
			isa = PBXShellScriptBuildPhase;
			buildActionMask = 2147483647;
			files = (
			);
			inputPaths = (
			);
			name = "[CP] Check Pods Manifest.lock";
			outputPaths = (
			);
			runOnlyForDeploymentPostprocessing = 0;
			shellPath = /bin/sh;
			shellScript = "diff \"${PODS_ROOT}/../Podfile.lock\" \"${PODS_ROOT}/Manifest.lock\" > /dev/null\nif [[ $? != 0 ]] ; then\n    cat << EOM\nerror: The sandbox is not in sync with the Podfile.lock. Run 'pod install' or update your CocoaPods installation.\nEOM\n    exit 1\nfi\n";
			showEnvVarsInLog = 0;
		};
		DF8D1660B7140BA561F651C1 /* [CP] Embed Pods Frameworks */ = {
			isa = PBXShellScriptBuildPhase;
			buildActionMask = 2147483647;
			files = (
			);
			inputPaths = (
			);
			name = "[CP] Embed Pods Frameworks";
			outputPaths = (
			);
			runOnlyForDeploymentPostprocessing = 0;
			shellPath = /bin/sh;
			shellScript = "\"${SRCROOT}/Pods/Target Support Files/Pods-OnTheMap/Pods-OnTheMap-frameworks.sh\"\n";
			showEnvVarsInLog = 0;
		};
		FC8E36B3CBA8421C8DD924BE /* [CP] Check Pods Manifest.lock */ = {
			isa = PBXShellScriptBuildPhase;
			buildActionMask = 2147483647;
			files = (
			);
			inputPaths = (
			);
			name = "[CP] Check Pods Manifest.lock";
			outputPaths = (
			);
			runOnlyForDeploymentPostprocessing = 0;
			shellPath = /bin/sh;
			shellScript = "diff \"${PODS_ROOT}/../Podfile.lock\" \"${PODS_ROOT}/Manifest.lock\" > /dev/null\nif [[ $? != 0 ]] ; then\n    cat << EOM\nerror: The sandbox is not in sync with the Podfile.lock. Run 'pod install' or update your CocoaPods installation.\nEOM\n    exit 1\nfi\n";
			showEnvVarsInLog = 0;
		};
/* End PBXShellScriptBuildPhase section */

/* Begin PBXSourcesBuildPhase section */
		DB163A1B1D3D31D20019A316 /* Sources */ = {
			isa = PBXSourcesBuildPhase;
			buildActionMask = 2147483647;
			files = (
				DBB4B3F61D3ECF180093A07D /* GCDBlackBox.swift in Sources */,
				DBB4B3F01D3EC15A0093A07D /* UdacityClient.swift in Sources */,
				DB866D8C1D4167C300B8C534 /* MyTableCell.swift in Sources */,
				DB866D8A1D3FC34600B8C534 /* TableViewController.swift in Sources */,
				DBB4B3E71D3E9C6E0093A07D /* InformationPostingViewController.swift in Sources */,
				DB866D881D3FC33700B8C534 /* MapViewController.swift in Sources */,
				DB95E6311D53BC4200E329FD /* ParseClient.swift in Sources */,
				DB311E281D3E905200810814 /* MyTextField.swift in Sources */,
				DB163A251D3D31D30019A316 /* LoginViewController.swift in Sources */,
				DB163A231D3D31D30019A316 /* AppDelegate.swift in Sources */,
				DB2E51DD1D4AB8F800018D8C /* CurrentUser.swift in Sources */,
				DB2E51DF1D4FF81700018D8C /* StudentInformation.swift in Sources */,
			);
			runOnlyForDeploymentPostprocessing = 0;
		};
		DB163A2F1D3D31D30019A316 /* Sources */ = {
			isa = PBXSourcesBuildPhase;
			buildActionMask = 2147483647;
			files = (
				DB163A381D3D31D30019A316 /* OnTheMapTests.swift in Sources */,
			);
			runOnlyForDeploymentPostprocessing = 0;
		};
		DB163A3A1D3D31D30019A316 /* Sources */ = {
			isa = PBXSourcesBuildPhase;
			buildActionMask = 2147483647;
			files = (
				DB163A431D3D31D30019A316 /* OnTheMapUITests.swift in Sources */,
			);
			runOnlyForDeploymentPostprocessing = 0;
		};
/* End PBXSourcesBuildPhase section */

/* Begin PBXTargetDependency section */
		DB163A351D3D31D30019A316 /* PBXTargetDependency */ = {
			isa = PBXTargetDependency;
			target = DB163A1E1D3D31D20019A316 /* OnTheMap */;
			targetProxy = DB163A341D3D31D30019A316 /* PBXContainerItemProxy */;
		};
		DB163A401D3D31D30019A316 /* PBXTargetDependency */ = {
			isa = PBXTargetDependency;
			target = DB163A1E1D3D31D20019A316 /* OnTheMap */;
			targetProxy = DB163A3F1D3D31D30019A316 /* PBXContainerItemProxy */;
		};
/* End PBXTargetDependency section */

/* Begin PBXVariantGroup section */
		DB163A2B1D3D31D30019A316 /* LaunchScreen.storyboard */ = {
			isa = PBXVariantGroup;
			children = (
				DB163A2C1D3D31D30019A316 /* Base */,
			);
			name = LaunchScreen.storyboard;
			sourceTree = "<group>";
		};
/* End PBXVariantGroup section */

/* Begin XCBuildConfiguration section */
		DB163A451D3D31D30019A316 /* Debug */ = {
			isa = XCBuildConfiguration;
			buildSettings = {
				ALWAYS_SEARCH_USER_PATHS = NO;
				CLANG_ANALYZER_NONNULL = YES;
				CLANG_CXX_LANGUAGE_STANDARD = "gnu++0x";
				CLANG_CXX_LIBRARY = "libc++";
				CLANG_ENABLE_MODULES = YES;
				CLANG_ENABLE_OBJC_ARC = YES;
				CLANG_WARN_BOOL_CONVERSION = YES;
				CLANG_WARN_CONSTANT_CONVERSION = YES;
				CLANG_WARN_DIRECT_OBJC_ISA_USAGE = YES_ERROR;
				CLANG_WARN_EMPTY_BODY = YES;
				CLANG_WARN_ENUM_CONVERSION = YES;
				CLANG_WARN_INT_CONVERSION = YES;
				CLANG_WARN_OBJC_ROOT_CLASS = YES_ERROR;
				CLANG_WARN_UNREACHABLE_CODE = YES;
				CLANG_WARN__DUPLICATE_METHOD_MATCH = YES;
				"CODE_SIGN_IDENTITY[sdk=iphoneos*]" = "iPhone Developer";
				COPY_PHASE_STRIP = NO;
				DEBUG_INFORMATION_FORMAT = dwarf;
				ENABLE_STRICT_OBJC_MSGSEND = YES;
				ENABLE_TESTABILITY = YES;
				GCC_C_LANGUAGE_STANDARD = gnu99;
				GCC_DYNAMIC_NO_PIC = NO;
				GCC_NO_COMMON_BLOCKS = YES;
				GCC_OPTIMIZATION_LEVEL = 0;
				GCC_PREPROCESSOR_DEFINITIONS = (
					"DEBUG=1",
					"$(inherited)",
				);
				GCC_WARN_64_TO_32_BIT_CONVERSION = YES;
				GCC_WARN_ABOUT_RETURN_TYPE = YES_ERROR;
				GCC_WARN_UNDECLARED_SELECTOR = YES;
				GCC_WARN_UNINITIALIZED_AUTOS = YES_AGGRESSIVE;
				GCC_WARN_UNUSED_FUNCTION = YES;
				GCC_WARN_UNUSED_VARIABLE = YES;
				IPHONEOS_DEPLOYMENT_TARGET = 9.3;
				MTL_ENABLE_DEBUG_INFO = YES;
				ONLY_ACTIVE_ARCH = YES;
				SDKROOT = iphoneos;
				SWIFT_OPTIMIZATION_LEVEL = "-Onone";
				TARGETED_DEVICE_FAMILY = "1,2";
			};
			name = Debug;
		};
		DB163A461D3D31D30019A316 /* Release */ = {
			isa = XCBuildConfiguration;
			buildSettings = {
				ALWAYS_SEARCH_USER_PATHS = NO;
				CLANG_ANALYZER_NONNULL = YES;
				CLANG_CXX_LANGUAGE_STANDARD = "gnu++0x";
				CLANG_CXX_LIBRARY = "libc++";
				CLANG_ENABLE_MODULES = YES;
				CLANG_ENABLE_OBJC_ARC = YES;
				CLANG_WARN_BOOL_CONVERSION = YES;
				CLANG_WARN_CONSTANT_CONVERSION = YES;
				CLANG_WARN_DIRECT_OBJC_ISA_USAGE = YES_ERROR;
				CLANG_WARN_EMPTY_BODY = YES;
				CLANG_WARN_ENUM_CONVERSION = YES;
				CLANG_WARN_INT_CONVERSION = YES;
				CLANG_WARN_OBJC_ROOT_CLASS = YES_ERROR;
				CLANG_WARN_UNREACHABLE_CODE = YES;
				CLANG_WARN__DUPLICATE_METHOD_MATCH = YES;
				"CODE_SIGN_IDENTITY[sdk=iphoneos*]" = "iPhone Developer";
				COPY_PHASE_STRIP = NO;
				DEBUG_INFORMATION_FORMAT = "dwarf-with-dsym";
				ENABLE_NS_ASSERTIONS = NO;
				ENABLE_STRICT_OBJC_MSGSEND = YES;
				GCC_C_LANGUAGE_STANDARD = gnu99;
				GCC_NO_COMMON_BLOCKS = YES;
				GCC_WARN_64_TO_32_BIT_CONVERSION = YES;
				GCC_WARN_ABOUT_RETURN_TYPE = YES_ERROR;
				GCC_WARN_UNDECLARED_SELECTOR = YES;
				GCC_WARN_UNINITIALIZED_AUTOS = YES_AGGRESSIVE;
				GCC_WARN_UNUSED_FUNCTION = YES;
				GCC_WARN_UNUSED_VARIABLE = YES;
				IPHONEOS_DEPLOYMENT_TARGET = 9.3;
				MTL_ENABLE_DEBUG_INFO = NO;
				SDKROOT = iphoneos;
				TARGETED_DEVICE_FAMILY = "1,2";
				VALIDATE_PRODUCT = YES;
			};
			name = Release;
		};
		DB163A481D3D31D30019A316 /* Debug */ = {
			isa = XCBuildConfiguration;
			baseConfigurationReference = 06355E73198309DC50B504F7 /* Pods-OnTheMap.debug.xcconfig */;
			buildSettings = {
				ASSETCATALOG_COMPILER_APPICON_NAME = AppIcon;
				ENABLE_BITCODE = YES;
				FRAMEWORK_SEARCH_PATHS = (
					"$(inherited)",
					"$(PROJECT_DIR)",
				);
				INFOPLIST_FILE = OnTheMap/Info.plist;
				LD_RUNPATH_SEARCH_PATHS = "$(inherited) @executable_path/Frameworks";
				ONLY_ACTIVE_ARCH = YES;
				PRODUCT_BUNDLE_IDENTIFIER = AJZ.OnTheMap;
				PRODUCT_NAME = "$(TARGET_NAME)";
			};
			name = Debug;
		};
		DB163A491D3D31D30019A316 /* Release */ = {
			isa = XCBuildConfiguration;
			baseConfigurationReference = 3978B75A835487646FDE8E76 /* Pods-OnTheMap.release.xcconfig */;
			buildSettings = {
				ASSETCATALOG_COMPILER_APPICON_NAME = AppIcon;
				ENABLE_BITCODE = YES;
				FRAMEWORK_SEARCH_PATHS = (
					"$(inherited)",
					"$(PROJECT_DIR)",
				);
				INFOPLIST_FILE = OnTheMap/Info.plist;
				LD_RUNPATH_SEARCH_PATHS = "$(inherited) @executable_path/Frameworks";
				ONLY_ACTIVE_ARCH = YES;
				PRODUCT_BUNDLE_IDENTIFIER = AJZ.OnTheMap;
				PRODUCT_NAME = "$(TARGET_NAME)";
			};
			name = Release;
		};
		DB163A4B1D3D31D30019A316 /* Debug */ = {
			isa = XCBuildConfiguration;
			baseConfigurationReference = FFD9C9CCA6736CE953EEA39C /* Pods-OnTheMapTests.debug.xcconfig */;
			buildSettings = {
				BUNDLE_LOADER = "$(TEST_HOST)";
				INFOPLIST_FILE = OnTheMapTests/Info.plist;
				LD_RUNPATH_SEARCH_PATHS = "$(inherited) @executable_path/Frameworks @loader_path/Frameworks";
				PRODUCT_BUNDLE_IDENTIFIER = AJZ.OnTheMapTests;
				PRODUCT_NAME = "$(TARGET_NAME)";
				TEST_HOST = "$(BUILT_PRODUCTS_DIR)/OnTheMap.app/OnTheMap";
			};
			name = Debug;
		};
		DB163A4C1D3D31D30019A316 /* Release */ = {
			isa = XCBuildConfiguration;
			baseConfigurationReference = 30FF13AE3A9098D28444C00B /* Pods-OnTheMapTests.release.xcconfig */;
			buildSettings = {
				BUNDLE_LOADER = "$(TEST_HOST)";
				INFOPLIST_FILE = OnTheMapTests/Info.plist;
				LD_RUNPATH_SEARCH_PATHS = "$(inherited) @executable_path/Frameworks @loader_path/Frameworks";
				PRODUCT_BUNDLE_IDENTIFIER = AJZ.OnTheMapTests;
				PRODUCT_NAME = "$(TARGET_NAME)";
				TEST_HOST = "$(BUILT_PRODUCTS_DIR)/OnTheMap.app/OnTheMap";
			};
			name = Release;
		};
		DB163A4E1D3D31D30019A316 /* Debug */ = {
			isa = XCBuildConfiguration;
			baseConfigurationReference = C14361A21AEA273234A4E214 /* Pods-OnTheMapUITests.debug.xcconfig */;
			buildSettings = {
				INFOPLIST_FILE = OnTheMapUITests/Info.plist;
				LD_RUNPATH_SEARCH_PATHS = "$(inherited) @executable_path/Frameworks @loader_path/Frameworks";
				PRODUCT_BUNDLE_IDENTIFIER = AJZ.OnTheMapUITests;
				PRODUCT_NAME = "$(TARGET_NAME)";
				TEST_TARGET_NAME = OnTheMap;
			};
			name = Debug;
		};
		DB163A4F1D3D31D30019A316 /* Release */ = {
			isa = XCBuildConfiguration;
			baseConfigurationReference = 48ACF4F2C026092AF0A7C331 /* Pods-OnTheMapUITests.release.xcconfig */;
			buildSettings = {
				INFOPLIST_FILE = OnTheMapUITests/Info.plist;
				LD_RUNPATH_SEARCH_PATHS = "$(inherited) @executable_path/Frameworks @loader_path/Frameworks";
				PRODUCT_BUNDLE_IDENTIFIER = AJZ.OnTheMapUITests;
				PRODUCT_NAME = "$(TARGET_NAME)";
				TEST_TARGET_NAME = OnTheMap;
			};
			name = Release;
		};
/* End XCBuildConfiguration section */

/* Begin XCConfigurationList section */
		DB163A1A1D3D31D20019A316 /* Build configuration list for PBXProject "OnTheMap" */ = {
			isa = XCConfigurationList;
			buildConfigurations = (
				DB163A451D3D31D30019A316 /* Debug */,
				DB163A461D3D31D30019A316 /* Release */,
			);
			defaultConfigurationIsVisible = 0;
			defaultConfigurationName = Release;
		};
		DB163A471D3D31D30019A316 /* Build configuration list for PBXNativeTarget "OnTheMap" */ = {
			isa = XCConfigurationList;
			buildConfigurations = (
				DB163A481D3D31D30019A316 /* Debug */,
				DB163A491D3D31D30019A316 /* Release */,
			);
			defaultConfigurationIsVisible = 0;
			defaultConfigurationName = Release;
		};
		DB163A4A1D3D31D30019A316 /* Build configuration list for PBXNativeTarget "OnTheMapTests" */ = {
			isa = XCConfigurationList;
			buildConfigurations = (
				DB163A4B1D3D31D30019A316 /* Debug */,
				DB163A4C1D3D31D30019A316 /* Release */,
			);
			defaultConfigurationIsVisible = 0;
			defaultConfigurationName = Release;
		};
		DB163A4D1D3D31D30019A316 /* Build configuration list for PBXNativeTarget "OnTheMapUITests" */ = {
			isa = XCConfigurationList;
			buildConfigurations = (
				DB163A4E1D3D31D30019A316 /* Debug */,
				DB163A4F1D3D31D30019A316 /* Release */,
			);
			defaultConfigurationIsVisible = 0;
			defaultConfigurationName = Release;
		};
/* End XCConfigurationList section */
	};
	rootObject = DB163A171D3D31D20019A316 /* Project object */;
}
